
Microsoft Visual Studio Solution File, Format Version 12.00
# Visual Studio Version 16
VisualStudioVersion = 16.0.31313.79
MinimumVisualStudioVersion = 10.0.40219.1
Project("{FAE04EC0-301F-11D3-BF4B-00C04F79EFBC}") = "UpdatePackages", "UpdatePackages\UpdatePackages.csproj", "{73C4B223-2759-45BE-9430-52101ABBF4A6}"
EndProject
Global
	GlobalSection(SolutionConfigurationPlatforms) = preSolution
		Debug|Any CPU = Debug|Any CPU
		Release|Any CPU = Release|Any CPU
	EndGlobalSection
	GlobalSection(ProjectConfigurationPlatforms) = postSolution
		{73C4B223-2759-45BE-9430-52101ABBF4A6}.Debug|Any CPU.ActiveCfg = Debug|Any CPU
		{73C4B223-2759-45BE-9430-52101ABBF4A6}.Debug|Any CPU.Build.0 = Debug|Any CPU
		{73C4B223-2759-45BE-9430-52101ABBF4A6}.Release|Any CPU.ActiveCfg = Release|Any CPU
		{73C4B223-2759-45BE-9430-52101ABBF4A6}.Release|Any CPU.Build.0 = Release|Any CPU
	EndGlobalSection
	GlobalSection(SolutionProperties) = preSolution
		HideSolutionNode = FALSE
	EndGlobalSection
	GlobalSection(ExtensibilityGlobals) = postSolution
		SolutionGuid = {7064B2EF-EC53-4A80-9F00-54CB26E5D553}
	EndGlobalSection
EndGlobal
